<?xml version="1.0" encoding="utf-8"?>
<Project ToolsVersion="4.0" xmlns="http://schemas.microsoft.com/developer/msbuild/2003">
  <ItemGroup>
    <Filter Include="Source Files">
      <UniqueIdentifier>{4FC737F1-C7A5-4376-A066-2A32D752A2FF}</UniqueIdentifier>
      <Extensions>cpp;c;cc;cxx;def;odl;idl;hpj;bat;asm;asmx</Extensions>
    </Filter>
    <Filter Include="Header Files">
      <UniqueIdentifier>{93995380-89BD-4b04-88EB-625FBE52EBFB}</UniqueIdentifier>
      <Extensions>h;hh;hpp;hxx;hm;inl;inc;ipp;xsd</Extensions>
    </Filter>
    <Filter Include="Resource Files">
      <UniqueIdentifier>{67DA6AB6-F800-4c08-8B7A-83BB121AAD01}</UniqueIdentifier>
      <Extensions>rc;ico;cur;bmp;dlg;rc2;rct;bin;rgs;gif;jpg;jpeg;jpe;resx;tiff;tif;png;wav;mfcribbon-ms</Extensions>
    </Filter>
    <Filter Include="GameEngine">
      <UniqueIdentifier>{4a2ba46d-f7d4-4e8b-930c-9ab0104fb07b}</UniqueIdentifier>
    </Filter>
    <Filter Include="GameEngine\Headers">
      <UniqueIdentifier>{0f39724b-3f16-4d41-b56b-0153fdd686c8}</UniqueIdentifier>
    </Filter>
    <Filter Include="GameEngine\Source">
      <UniqueIdentifier>{8e7b2e74-001f-4bc5-88c5-224ef26be202}</UniqueIdentifier>
    </Filter>
    <Filter Include="Event">
      <UniqueIdentifier>{1da10c3c-96f3-4d1f-8060-e987338cca6a}</UniqueIdentifier>
    </Filter>
    <Filter Include="SubSystems">
      <UniqueIdentifier>{fc705e20-cbc1-466a-99f1-a22f6a005d3b}</UniqueIdentifier>
    </Filter>
    <Filter Include="SubSystems\UIManager">
      <UniqueIdentifier>{2ac1dd55-2420-4141-bfa5-b2fc8c58cc11}</UniqueIdentifier>
    </Filter>
    <Filter Include="SubSystems\UIManager\Headers">
      <UniqueIdentifier>{d16f91f3-0067-4bb0-b8b3-ffc4b5e327e1}</UniqueIdentifier>
    </Filter>
    <Filter Include="SubSystems\UIManager\Source">
      <UniqueIdentifier>{6c09d9e9-4956-4911-96be-86baa7ee41b2}</UniqueIdentifier>
    </Filter>
    <Filter Include="SubSystems\AudioEngine">
      <UniqueIdentifier>{4fa2d8e1-f175-4fd5-a476-6b1346e1364d}</UniqueIdentifier>
    </Filter>
    <Filter Include="SubSystems\AudioEngine\Headers">
      <UniqueIdentifier>{bfff7c3e-423a-4230-9267-d8f0ce1daa5e}</UniqueIdentifier>
    </Filter>
    <Filter Include="SubSystems\AudioEngine\Source">
      <UniqueIdentifier>{9e26729b-e369-41f1-a4ad-aad53eb8c925}</UniqueIdentifier>
    </Filter>
    <Filter Include="SubSystems\GraphicsEngine">
      <UniqueIdentifier>{85a79410-4e01-45cb-9f48-55c2d17295cd}</UniqueIdentifier>
    </Filter>
    <Filter Include="SubSystems\GraphicsEngine\Headers">
      <UniqueIdentifier>{73b33553-0b53-4f33-b4c7-b7e2467aeb3b}</UniqueIdentifier>
    </Filter>
    <Filter Include="SubSystems\GraphicsEngine\Source">
      <UniqueIdentifier>{03f5ab96-d8eb-4d4b-becc-71e0f371dec4}</UniqueIdentifier>
    </Filter>
    <Filter Include="SubSystems\PhysicsEngine">
      <UniqueIdentifier>{3c58d23d-093a-42bd-bd3e-8c9d09abca7c}</UniqueIdentifier>
    </Filter>
    <Filter Include="SubSystems\PhysicsEngine\Headers">
      <UniqueIdentifier>{44a18789-1217-470d-8293-e6b69fc101bb}</UniqueIdentifier>
    </Filter>
    <Filter Include="SubSystems\PhysicsEngine\Source">
      <UniqueIdentifier>{a215024e-049c-48d7-851b-68d78ab0805c}</UniqueIdentifier>
    </Filter>
    <Filter Include="GameObject">
      <UniqueIdentifier>{4f16fa2a-d4c2-47fa-9164-92c781c8a7bd}</UniqueIdentifier>
    </Filter>
    <Filter Include="GameObject\Headers">
      <UniqueIdentifier>{b1082d95-4f76-42a3-96c5-2ec6f0a7c33e}</UniqueIdentifier>
    </Filter>
    <Filter Include="GameObject\Source">
      <UniqueIdentifier>{ff3c61ca-bd32-4480-a630-3144fbc5e384}</UniqueIdentifier>
    </Filter>
    <Filter Include="SubSystems\NetworkEngine">
      <UniqueIdentifier>{d854a410-25d7-4274-aa23-1eaa0da3f0ba}</UniqueIdentifier>
    </Filter>
    <Filter Include="SubSystems\NetworkEngine\Headers">
      <UniqueIdentifier>{4f09628d-47a1-4695-9323-4714a6c58634}</UniqueIdentifier>
    </Filter>
    <Filter Include="SubSystems\NetworkEngine\Source">
      <UniqueIdentifier>{349551f8-e5ab-40a8-ad41-5d177568c2cc}</UniqueIdentifier>
    </Filter>
  </ItemGroup>
  <ItemGroup>
    <ClCompile Include="SphereCollider.cpp">
      <Filter>Source Files</Filter>
    </ClCompile>
    <ClCompile Include="getbmp.cpp">
      <Filter>SubSystems\GraphicsEngine\Source</Filter>
    </ClCompile>
    <ClCompile Include="GraphicsEngine.cpp">
      <Filter>SubSystems\GraphicsEngine\Source</Filter>
    </ClCompile>
    <ClCompile Include="shader.cpp">
      <Filter>SubSystems\GraphicsEngine\Source</Filter>
    </ClCompile>
    <ClCompile Include="UIManager.cpp">
      <Filter>SubSystems\UIManager\Source</Filter>
    </ClCompile>
    <ClCompile Include="GameEngine.cpp">
      <Filter>GameEngine\Source</Filter>
    </ClCompile>
    <ClCompile Include="AudioEngine.cpp">
      <Filter>SubSystems\AudioEngine\Source</Filter>
    </ClCompile>
    <ClCompile Include="SubSystemSuper.cpp">
      <Filter>SubSystems</Filter>
    </ClCompile>
    <ClCompile Include="EntryPoint.cpp">
      <Filter>Source Files</Filter>
    </ClCompile>
    <ClCompile Include="Camera.cpp">
      <Filter>SubSystems\GraphicsEngine\Source</Filter>
    </ClCompile>
    <ClCompile Include="Texture.cpp">
      <Filter>SubSystems\GraphicsEngine\Source</Filter>
    </ClCompile>
    <ClCompile Include="TextReader.cpp">
      <Filter>SubSystems\GraphicsEngine\Source</Filter>
    </ClCompile>
    <ClCompile Include="Mesh.cpp">
      <Filter>SubSystems\GraphicsEngine\Source</Filter>
    </ClCompile>
    <ClCompile Include="PhysicsEngine.cpp">
      <Filter>SubSystems\PhysicsEngine\Source</Filter>
    </ClCompile>
    <ClCompile Include="GameObject.cpp">
      <Filter>GameObject\Source</Filter>
    </ClCompile>
    <ClCompile Include="CubeMap.cpp">
      <Filter>SubSystems\GraphicsEngine\Source</Filter>
    </ClCompile>
    <ClCompile Include="NetworkEngine.cpp">
      <Filter>SubSystems\NetworkEngine\Source</Filter>
    </ClCompile>
  </ItemGroup>
  <ItemGroup>
    <ClInclude Include="Collider.h">
      <Filter>Header Files</Filter>
    </ClInclude>
    <ClInclude Include="SphereCollider.h">
      <Filter>Header Files</Filter>
    </ClInclude>
    <ClInclude Include="getbmp.h">
      <Filter>SubSystems\GraphicsEngine\Headers</Filter>
    </ClInclude>
    <ClInclude Include="GraphicsEngine.h">
      <Filter>SubSystems\GraphicsEngine\Headers</Filter>
    </ClInclude>
    <ClInclude Include="light.h">
      <Filter>SubSystems\GraphicsEngine\Headers</Filter>
    </ClInclude>
    <ClInclude Include="material.h">
      <Filter>SubSystems\GraphicsEngine\Headers</Filter>
    </ClInclude>
    <ClInclude Include="shader.h">
      <Filter>SubSystems\GraphicsEngine\Headers</Filter>
    </ClInclude>
    <ClInclude Include="UIManager.h">
      <Filter>SubSystems\UIManager\Headers</Filter>
    </ClInclude>
    <ClInclude Include="GameEngine.h">
      <Filter>GameEngine\Headers</Filter>
    </ClInclude>
    <ClInclude Include="vertex.h">
      <Filter>GameEngine\Headers</Filter>
    </ClInclude>
    <ClInclude Include="AudioEngine.h">
      <Filter>SubSystems\AudioEngine\Headers</Filter>
    </ClInclude>
    <ClInclude Include="event.h">
      <Filter>Event</Filter>
    </ClInclude>
    <ClInclude Include="EventTypeEnum.h">
      <Filter>Event</Filter>
    </ClInclude>
    <ClInclude Include="SubSystemEnum.h">
      <Filter>Event</Filter>
    </ClInclude>
    <ClInclude Include="SubSystemSuper.h">
      <Filter>SubSystems</Filter>
    </ClInclude>
    <ClInclude Include="Header.h">
      <Filter>Header Files</Filter>
    </ClInclude>
    <ClInclude Include="Camera.h">
      <Filter>SubSystems\GraphicsEngine\Headers</Filter>
    </ClInclude>
    <ClInclude Include="Texture.h">
      <Filter>SubSystems\GraphicsEngine\Headers</Filter>
    </ClInclude>
    <ClInclude Include="TextReader.h">
      <Filter>SubSystems\GraphicsEngine\Headers</Filter>
    </ClInclude>
    <ClInclude Include="Mesh.h">
      <Filter>SubSystems\GraphicsEngine\Headers</Filter>
    </ClInclude>
    <ClInclude Include="PhysicsEngine.h">
      <Filter>SubSystems\PhysicsEngine\Headers</Filter>
    </ClInclude>
    <ClInclude Include="Settings.h">
      <Filter>Header Files</Filter>
    </ClInclude>
    <ClInclude Include="stb_image.h">
      <Filter>Header Files</Filter>
    </ClInclude>
    <ClInclude Include="GameObject.h">
      <Filter>GameObject\Headers</Filter>
    </ClInclude>
    <ClInclude Include="CubeMap.h">
      <Filter>SubSystems\GraphicsEngine\Headers</Filter>
    </ClInclude>
    <ClInclude Include="NetworkEngine.h">
      <Filter>SubSystems\NetworkEngine\Headers</Filter>
    </ClInclude>
  </ItemGroup>
  <ItemGroup>
    <None Include="fragmentShader.glsl">
      <Filter>Resource Files</Filter>
    </None>
    <None Include="vertexShader.glsl">
      <Filter>Resource Files</Filter>
    </None>
  </ItemGroup>
</Project>